hash: b206ba15352a796ff142fc713255c9a56ca5bcef05c4951c698e7e8cf8ef2820
updated: 2018-02-07T09:57:49.311848414-05:00
imports:
- name: github.com/golang/glog
  version: 23def4e6c14b4da8ac2ed8007337bc5eb5007998
- name: gopkg.in/yaml.v2
  version: a5b47d31c556af34a302ce5d659e6fea44d90de0
testImports: []
